
Microsoft Visual Studio Solution File, Format Version 12.00
# Visual Studio Version 17
VisualStudioVersion = 17.10.35027.167
MinimumVisualStudioVersion = 10.0.40219.1
Project("{FAE04EC0-301F-11D3-BF4B-00C04F79EFBC}") = "TechinicalTask", "TechinicalTask\TechinicalTask.csproj", "{C15970B3-B49B-437E-83DA-66BB1868DA69}"
	ProjectSection(ProjectDependencies) = postProject
		{DE2B1968-205C-46C9-9340-727119F26CB5} = {DE2B1968-205C-46C9-9340-727119F26CB5}
	EndProjectSection
EndProject
Project("{FAE04EC0-301F-11D3-BF4B-00C04F79EFBC}") = "TechnicalTaskAPI", "TechnicalTaskAPI\TechnicalTaskAPI.csproj", "{DE2B1968-205C-46C9-9340-727119F26CB5}"
EndProject
Global
	GlobalSection(SolutionConfigurationPlatforms) = preSolution
		Debug|Any CPU = Debug|Any CPU
		Release|Any CPU = Release|Any CPU
	EndGlobalSection
	GlobalSection(ProjectConfigurationPlatforms) = postSolution
		{C15970B3-B49B-437E-83DA-66BB1868DA69}.Debug|Any CPU.ActiveCfg = Debug|Any CPU
		{C15970B3-B49B-437E-83DA-66BB1868DA69}.Debug|Any CPU.Build.0 = Debug|Any CPU
		{C15970B3-B49B-437E-83DA-66BB1868DA69}.Release|Any CPU.ActiveCfg = Release|Any CPU
		{C15970B3-B49B-437E-83DA-66BB1868DA69}.Release|Any CPU.Build.0 = Release|Any CPU
		{DE2B1968-205C-46C9-9340-727119F26CB5}.Debug|Any CPU.ActiveCfg = Debug|Any CPU
		{DE2B1968-205C-46C9-9340-727119F26CB5}.Debug|Any CPU.Build.0 = Debug|Any CPU
		{DE2B1968-205C-46C9-9340-727119F26CB5}.Release|Any CPU.ActiveCfg = Release|Any CPU
		{DE2B1968-205C-46C9-9340-727119F26CB5}.Release|Any CPU.Build.0 = Release|Any CPU
	EndGlobalSection
	GlobalSection(SolutionProperties) = preSolution
		HideSolutionNode = FALSE
	EndGlobalSection
	GlobalSection(ExtensibilityGlobals) = postSolution
		SolutionGuid = {BB47E211-30E4-4AB7-B0D2-1BA008646797}
	EndGlobalSection
EndGlobal
